// !$*UTF8*$!
{
	archiveVersion = 1;
	classes = {
	};
	objectVersion = 51;
	objects = {

/* Begin PBXBuildFile section */
		E2162B5B25ED374800E36E24 /* LoginViewController.xib in Resources */ = {isa = PBXBuildFile; fileRef = E2162B5625ED374700E36E24 /* LoginViewController.xib */; };
		E2162B5C25ED374800E36E24 /* LoginViewController.swift in Sources */ = {isa = PBXBuildFile; fileRef = E2162B5725ED374700E36E24 /* LoginViewController.swift */; };
		E2162B5D25ED374800E36E24 /* SignUpViewController.swift in Sources */ = {isa = PBXBuildFile; fileRef = E2162B5925ED374700E36E24 /* SignUpViewController.swift */; };
		E2162B5E25ED374800E36E24 /* SignUpViewController.xib in Resources */ = {isa = PBXBuildFile; fileRef = E2162B5A25ED374700E36E24 /* SignUpViewController.xib */; };
		E217AC1B25E8ECC900BD4453 /* WeatherService.swift in Sources */ = {isa = PBXBuildFile; fileRef = E217AC1A25E8ECC900BD4453 /* WeatherService.swift */; };
		E217AC1F25E8EEFD00BD4453 /* City.swift in Sources */ = {isa = PBXBuildFile; fileRef = E217AC1E25E8EEFD00BD4453 /* City.swift */; };
		E217AC2425E8F01600BD4453 /* Weather.swift in Sources */ = {isa = PBXBuildFile; fileRef = E217AC2325E8F01600BD4453 /* Weather.swift */; };
		E217AC2B25E8F0D000BD4453 /* MainWeatherInfo.swift in Sources */ = {isa = PBXBuildFile; fileRef = E217AC2A25E8F0D000BD4453 /* MainWeatherInfo.swift */; };
		E217AC4425E8F96400BD4453 /* LaunchScreen.storyboard in Resources */ = {isa = PBXBuildFile; fileRef = E217AC4325E8F96400BD4453 /* LaunchScreen.storyboard */; };
		E217AC4925E8FA9600BD4453 /* SplashViewController.swift in Sources */ = {isa = PBXBuildFile; fileRef = E217AC4725E8FA9600BD4453 /* SplashViewController.swift */; };
		E217AC4A25E8FA9600BD4453 /* SplashViewController.xib in Resources */ = {isa = PBXBuildFile; fileRef = E217AC4825E8FA9600BD4453 /* SplashViewController.xib */; };
		E217AC5825E9030300BD4453 /* CustomTextField.swift in Sources */ = {isa = PBXBuildFile; fileRef = E217AC5625E9030300BD4453 /* CustomTextField.swift */; };
		E217AC5925E9030300BD4453 /* CustomTextField.xib in Resources */ = {isa = PBXBuildFile; fileRef = E217AC5725E9030300BD4453 /* CustomTextField.xib */; };
		E217AC5E25E906D800BD4453 /* MainViewController.swift in Sources */ = {isa = PBXBuildFile; fileRef = E217AC5C25E906D800BD4453 /* MainViewController.swift */; };
		E217AC5F25E906D800BD4453 /* MainViewController.xib in Resources */ = {isa = PBXBuildFile; fileRef = E217AC5D25E906D800BD4453 /* MainViewController.xib */; };
		E217AC6725E90F5C00BD4453 /* UIViewController.swift in Sources */ = {isa = PBXBuildFile; fileRef = E217AC6625E90F5C00BD4453 /* UIViewController.swift */; };
		E244261225EA269D000C4635 /* AppLauncher.swift in Sources */ = {isa = PBXBuildFile; fileRef = E244261125EA269D000C4635 /* AppLauncher.swift */; };
		E244261725EA2B7F000C4635 /* AuthDelegate.swift in Sources */ = {isa = PBXBuildFile; fileRef = E244261625EA2B7F000C4635 /* AuthDelegate.swift */; };
		E244261D25EA378E000C4635 /* Dependencies.swift in Sources */ = {isa = PBXBuildFile; fileRef = E244261C25EA378E000C4635 /* Dependencies.swift */; };
		E24485BD25E7ACF8009553A0 /* GoogleService-Info.plist in Resources */ = {isa = PBXBuildFile; fileRef = E24485BC25E7ACF8009553A0 /* GoogleService-Info.plist */; };
		E24485C025E7AF4B009553A0 /* FirestoreService.swift in Sources */ = {isa = PBXBuildFile; fileRef = E24485BF25E7AF4B009553A0 /* FirestoreService.swift */; };
		E24485C725E7B4E3009553A0 /* User.swift in Sources */ = {isa = PBXBuildFile; fileRef = E24485C625E7B4E3009553A0 /* User.swift */; };
		E2599B8725ED27AA00CB5143 /* DetailViewController.xib in Resources */ = {isa = PBXBuildFile; fileRef = E2599B8525ED27AA00CB5143 /* DetailViewController.xib */; };
		E2599B8825ED27AA00CB5143 /* DetailViewController.swift in Sources */ = {isa = PBXBuildFile; fileRef = E2599B8625ED27AA00CB5143 /* DetailViewController.swift */; };
		E272385725ED37B000EF9724 /* SearchViewController.swift in Sources */ = {isa = PBXBuildFile; fileRef = E272385525ED37B000EF9724 /* SearchViewController.swift */; };
		E272385825ED37B000EF9724 /* SearchViewController.xib in Resources */ = {isa = PBXBuildFile; fileRef = E272385625ED37B000EF9724 /* SearchViewController.xib */; };
		E2D2EA4B25E8DDA0000F380B /* Credential.swift in Sources */ = {isa = PBXBuildFile; fileRef = E2D2EA4A25E8DDA0000F380B /* Credential.swift */; };
		E2D2EA5025E8DF04000F380B /* SessionService.swift in Sources */ = {isa = PBXBuildFile; fileRef = E2D2EA4F25E8DF04000F380B /* SessionService.swift */; };
		E2D8146C25E79DB60007A4CC /* AppDelegate.swift in Sources */ = {isa = PBXBuildFile; fileRef = E2D8146B25E79DB60007A4CC /* AppDelegate.swift */; };
		E2D8146E25E79DB60007A4CC /* SceneDelegate.swift in Sources */ = {isa = PBXBuildFile; fileRef = E2D8146D25E79DB60007A4CC /* SceneDelegate.swift */; };
		E2D8147525E79DB70007A4CC /* Assets.xcassets in Resources */ = {isa = PBXBuildFile; fileRef = E2D8147425E79DB70007A4CC /* Assets.xcassets */; };
		E2D8148425E79E100007A4CC /* NibLoader.swift in Sources */ = {isa = PBXBuildFile; fileRef = E2D8148325E79E100007A4CC /* NibLoader.swift */; };
		E2D8148725E79E1A0007A4CC /* Color.swift in Sources */ = {isa = PBXBuildFile; fileRef = E2D8148625E79E1A0007A4CC /* Color.swift */; };
		E2D8148A25E79E200007A4CC /* String+Extension.swift in Sources */ = {isa = PBXBuildFile; fileRef = E2D8148925E79E200007A4CC /* String+Extension.swift */; };
		E2D814A025E7A5760007A4CC /* UserService.swift in Sources */ = {isa = PBXBuildFile; fileRef = E2D8149F25E7A5760007A4CC /* UserService.swift */; };
		E491A4CD25E17D06B876D39C /* Pods_WeatherApp.framework in Frameworks */ = {isa = PBXBuildFile; fileRef = 719459D5E1585178972CCE2D /* Pods_WeatherApp.framework */; };
/* End PBXBuildFile section */

/* Begin PBXFileReference section */
		719459D5E1585178972CCE2D /* Pods_WeatherApp.framework */ = {isa = PBXFileReference; explicitFileType = wrapper.framework; includeInIndex = 0; path = Pods_WeatherApp.framework; sourceTree = BUILT_PRODUCTS_DIR; };
		A9A23B5FD4DCB308A4967191 /* Pods-WeatherApp.debug.xcconfig */ = {isa = PBXFileReference; includeInIndex = 1; lastKnownFileType = text.xcconfig; name = "Pods-WeatherApp.debug.xcconfig"; path = "Target Support Files/Pods-WeatherApp/Pods-WeatherApp.debug.xcconfig"; sourceTree = "<group>"; };
		C545259F90B6462732CF3F41 /* Pods-WeatherApp.release.xcconfig */ = {isa = PBXFileReference; includeInIndex = 1; lastKnownFileType = text.xcconfig; name = "Pods-WeatherApp.release.xcconfig"; path = "Target Support Files/Pods-WeatherApp/Pods-WeatherApp.release.xcconfig"; sourceTree = "<group>"; };
		E2162B5625ED374700E36E24 /* LoginViewController.xib */ = {isa = PBXFileReference; fileEncoding = 4; lastKnownFileType = file.xib; path = LoginViewController.xib; sourceTree = "<group>"; };
		E2162B5725ED374700E36E24 /* LoginViewController.swift */ = {isa = PBXFileReference; fileEncoding = 4; lastKnownFileType = sourcecode.swift; path = LoginViewController.swift; sourceTree = "<group>"; };
		E2162B5925ED374700E36E24 /* SignUpViewController.swift */ = {isa = PBXFileReference; fileEncoding = 4; lastKnownFileType = sourcecode.swift; path = SignUpViewController.swift; sourceTree = "<group>"; };
		E2162B5A25ED374700E36E24 /* SignUpViewController.xib */ = {isa = PBXFileReference; fileEncoding = 4; lastKnownFileType = file.xib; path = SignUpViewController.xib; sourceTree = "<group>"; };
		E217AC1A25E8ECC900BD4453 /* WeatherService.swift */ = {isa = PBXFileReference; lastKnownFileType = sourcecode.swift; path = WeatherService.swift; sourceTree = "<group>"; };
		E217AC1E25E8EEFD00BD4453 /* City.swift */ = {isa = PBXFileReference; lastKnownFileType = sourcecode.swift; path = City.swift; sourceTree = "<group>"; };
		E217AC2325E8F01600BD4453 /* Weather.swift */ = {isa = PBXFileReference; lastKnownFileType = sourcecode.swift; path = Weather.swift; sourceTree = "<group>"; };
		E217AC2A25E8F0D000BD4453 /* MainWeatherInfo.swift */ = {isa = PBXFileReference; lastKnownFileType = sourcecode.swift; path = MainWeatherInfo.swift; sourceTree = "<group>"; };
		E217AC4325E8F96400BD4453 /* LaunchScreen.storyboard */ = {isa = PBXFileReference; fileEncoding = 4; lastKnownFileType = file.storyboard; path = LaunchScreen.storyboard; sourceTree = "<group>"; };
		E217AC4725E8FA9600BD4453 /* SplashViewController.swift */ = {isa = PBXFileReference; lastKnownFileType = sourcecode.swift; path = SplashViewController.swift; sourceTree = "<group>"; };
		E217AC4825E8FA9600BD4453 /* SplashViewController.xib */ = {isa = PBXFileReference; lastKnownFileType = file.xib; path = SplashViewController.xib; sourceTree = "<group>"; };
		E217AC5625E9030300BD4453 /* CustomTextField.swift */ = {isa = PBXFileReference; fileEncoding = 4; lastKnownFileType = sourcecode.swift; path = CustomTextField.swift; sourceTree = "<group>"; };
		E217AC5725E9030300BD4453 /* CustomTextField.xib */ = {isa = PBXFileReference; fileEncoding = 4; lastKnownFileType = file.xib; path = CustomTextField.xib; sourceTree = "<group>"; };
		E217AC5C25E906D800BD4453 /* MainViewController.swift */ = {isa = PBXFileReference; lastKnownFileType = sourcecode.swift; path = MainViewController.swift; sourceTree = "<group>"; };
		E217AC5D25E906D800BD4453 /* MainViewController.xib */ = {isa = PBXFileReference; lastKnownFileType = file.xib; path = MainViewController.xib; sourceTree = "<group>"; };
		E217AC6625E90F5C00BD4453 /* UIViewController.swift */ = {isa = PBXFileReference; lastKnownFileType = sourcecode.swift; path = UIViewController.swift; sourceTree = "<group>"; };
		E244261125EA269D000C4635 /* AppLauncher.swift */ = {isa = PBXFileReference; lastKnownFileType = sourcecode.swift; path = AppLauncher.swift; sourceTree = "<group>"; };
		E244261625EA2B7F000C4635 /* AuthDelegate.swift */ = {isa = PBXFileReference; lastKnownFileType = sourcecode.swift; path = AuthDelegate.swift; sourceTree = "<group>"; };
		E244261C25EA378E000C4635 /* Dependencies.swift */ = {isa = PBXFileReference; lastKnownFileType = sourcecode.swift; path = Dependencies.swift; sourceTree = "<group>"; };
		E24485BC25E7ACF8009553A0 /* GoogleService-Info.plist */ = {isa = PBXFileReference; fileEncoding = 4; lastKnownFileType = text.plist.xml; path = "GoogleService-Info.plist"; sourceTree = "<group>"; };
		E24485BF25E7AF4B009553A0 /* FirestoreService.swift */ = {isa = PBXFileReference; lastKnownFileType = sourcecode.swift; path = FirestoreService.swift; sourceTree = "<group>"; };
		E24485C625E7B4E3009553A0 /* User.swift */ = {isa = PBXFileReference; lastKnownFileType = sourcecode.swift; path = User.swift; sourceTree = "<group>"; };
		E2599B8525ED27AA00CB5143 /* DetailViewController.xib */ = {isa = PBXFileReference; fileEncoding = 4; lastKnownFileType = file.xib; name = DetailViewController.xib; path = WeatherApp/Screens/Detail/DetailViewController.xib; sourceTree = SOURCE_ROOT; };
		E2599B8625ED27AA00CB5143 /* DetailViewController.swift */ = {isa = PBXFileReference; fileEncoding = 4; lastKnownFileType = sourcecode.swift; name = DetailViewController.swift; path = WeatherApp/Screens/Detail/DetailViewController.swift; sourceTree = SOURCE_ROOT; };
		E272385525ED37B000EF9724 /* SearchViewController.swift */ = {isa = PBXFileReference; fileEncoding = 4; lastKnownFileType = sourcecode.swift; path = SearchViewController.swift; sourceTree = "<group>"; };
		E272385625ED37B000EF9724 /* SearchViewController.xib */ = {isa = PBXFileReference; fileEncoding = 4; lastKnownFileType = file.xib; path = SearchViewController.xib; sourceTree = "<group>"; };
		E2D2EA4A25E8DDA0000F380B /* Credential.swift */ = {isa = PBXFileReference; lastKnownFileType = sourcecode.swift; path = Credential.swift; sourceTree = "<group>"; };
		E2D2EA4F25E8DF04000F380B /* SessionService.swift */ = {isa = PBXFileReference; lastKnownFileType = sourcecode.swift; path = SessionService.swift; sourceTree = "<group>"; };
		E2D8146825E79DB60007A4CC /* WeatherApp.app */ = {isa = PBXFileReference; explicitFileType = wrapper.application; includeInIndex = 0; path = WeatherApp.app; sourceTree = BUILT_PRODUCTS_DIR; };
		E2D8146B25E79DB60007A4CC /* AppDelegate.swift */ = {isa = PBXFileReference; lastKnownFileType = sourcecode.swift; path = AppDelegate.swift; sourceTree = "<group>"; };
		E2D8146D25E79DB60007A4CC /* SceneDelegate.swift */ = {isa = PBXFileReference; lastKnownFileType = sourcecode.swift; path = SceneDelegate.swift; sourceTree = "<group>"; };
		E2D8147425E79DB70007A4CC /* Assets.xcassets */ = {isa = PBXFileReference; lastKnownFileType = folder.assetcatalog; path = Assets.xcassets; sourceTree = "<group>"; };
		E2D8147925E79DB70007A4CC /* Info.plist */ = {isa = PBXFileReference; lastKnownFileType = text.plist.xml; path = Info.plist; sourceTree = "<group>"; };
		E2D8148325E79E100007A4CC /* NibLoader.swift */ = {isa = PBXFileReference; fileEncoding = 4; lastKnownFileType = sourcecode.swift; path = NibLoader.swift; sourceTree = "<group>"; };
		E2D8148625E79E1A0007A4CC /* Color.swift */ = {isa = PBXFileReference; fileEncoding = 4; lastKnownFileType = sourcecode.swift; path = Color.swift; sourceTree = "<group>"; };
		E2D8148925E79E200007A4CC /* String+Extension.swift */ = {isa = PBXFileReference; fileEncoding = 4; lastKnownFileType = sourcecode.swift; path = "String+Extension.swift"; sourceTree = "<group>"; };
		E2D8149F25E7A5760007A4CC /* UserService.swift */ = {isa = PBXFileReference; lastKnownFileType = sourcecode.swift; path = UserService.swift; sourceTree = "<group>"; };
/* End PBXFileReference section */

/* Begin PBXFrameworksBuildPhase section */
		E2D8146525E79DB60007A4CC /* Frameworks */ = {
			isa = PBXFrameworksBuildPhase;
			buildActionMask = 2147483647;
			files = (
				E491A4CD25E17D06B876D39C /* Pods_WeatherApp.framework in Frameworks */,
			);
			runOnlyForDeploymentPostprocessing = 0;
		};
/* End PBXFrameworksBuildPhase section */

/* Begin PBXGroup section */
		1F67B24533C7F5E09F70A8A2 /* Frameworks */ = {
			isa = PBXGroup;
			children = (
				719459D5E1585178972CCE2D /* Pods_WeatherApp.framework */,
			);
			name = Frameworks;
			sourceTree = "<group>";
		};
		C1C706636DFE82EF60E16E15 /* Pods */ = {
			isa = PBXGroup;
			children = (
				A9A23B5FD4DCB308A4967191 /* Pods-WeatherApp.debug.xcconfig */,
				C545259F90B6462732CF3F41 /* Pods-WeatherApp.release.xcconfig */,
			);
			path = Pods;
			sourceTree = "<group>";
		};
		E2162B5525ED374700E36E24 /* Login */ = {
			isa = PBXGroup;
			children = (
				E2162B5625ED374700E36E24 /* LoginViewController.xib */,
				E2162B5725ED374700E36E24 /* LoginViewController.swift */,
			);
			path = Login;
			sourceTree = "<group>";
		};
		E2162B5825ED374700E36E24 /* Signup */ = {
			isa = PBXGroup;
			children = (
				E2162B5925ED374700E36E24 /* SignUpViewController.swift */,
				E2162B5A25ED374700E36E24 /* SignUpViewController.xib */,
			);
			path = Signup;
			sourceTree = "<group>";
		};
		E2162B6025ED375400E36E24 /* Screens */ = {
			isa = PBXGroup;
			children = (
				E2162B5525ED374700E36E24 /* Login */,
				E2162B5825ED374700E36E24 /* Signup */,
			);
			path = Screens;
			sourceTree = "<group>";
		};
		E217AC1925E8ECB600BD4453 /* Weather */ = {
			isa = PBXGroup;
			children = (
				E217AC1A25E8ECC900BD4453 /* WeatherService.swift */,
			);
			path = Weather;
			sourceTree = "<group>";
		};
		E217AC2225E8EFF300BD4453 /* Weather */ = {
			isa = PBXGroup;
			children = (
				E217AC1E25E8EEFD00BD4453 /* City.swift */,
				E217AC2A25E8F0D000BD4453 /* MainWeatherInfo.swift */,
				E217AC2325E8F01600BD4453 /* Weather.swift */,
			);
			path = Weather;
			sourceTree = "<group>";
		};
		E217AC2725E8F06B00BD4453 /* Auth */ = {
			isa = PBXGroup;
			children = (
				E2D2EA4A25E8DDA0000F380B /* Credential.swift */,
				E24485C625E7B4E3009553A0 /* User.swift */,
			);
			path = Auth;
			sourceTree = "<group>";
		};
		E217AC2E25E8F33600BD4453 /* Cold */ = {
			isa = PBXGroup;
			children = (
				E217AC4325E8F96400BD4453 /* LaunchScreen.storyboard */,
			);
			path = Cold;
			sourceTree = "<group>";
		};
		E217AC2F25E8F33F00BD4453 /* Splash */ = {
			isa = PBXGroup;
			children = (
				E217AC4725E8FA9600BD4453 /* SplashViewController.swift */,
				E217AC4825E8FA9600BD4453 /* SplashViewController.xib */,
			);
			path = Splash;
			sourceTree = "<group>";
		};
		E217AC3425E8F40200BD4453 /* Main */ = {
			isa = PBXGroup;
			children = (
				E244263325EA9596000C4635 /* ChildViewControllers */,
				E217AC5C25E906D800BD4453 /* MainViewController.swift */,
				E217AC5D25E906D800BD4453 /* MainViewController.xib */,
			);
			path = Main;
			sourceTree = "<group>";
		};
		E217AC3C25E8F5A100BD4453 /* Auth */ = {
			isa = PBXGroup;
			children = (
				E244261525EA2B73000C4635 /* Delegate */,
				E217AC5425E902F200BD4453 /* Reusable */,
				E2162B6025ED375400E36E24 /* Screens */,
			);
			path = Auth;
			sourceTree = "<group>";
		};
		E217AC5425E902F200BD4453 /* Reusable */ = {
			isa = PBXGroup;
			children = (
				E217AC5525E9030300BD4453 /* TextField */,
			);
			path = Reusable;
			sourceTree = "<group>";
		};
		E217AC5525E9030300BD4453 /* TextField */ = {
			isa = PBXGroup;
			children = (
				E217AC5625E9030300BD4453 /* CustomTextField.swift */,
				E217AC5725E9030300BD4453 /* CustomTextField.xib */,
			);
			path = TextField;
			sourceTree = "<group>";
		};
		E244261525EA2B73000C4635 /* Delegate */ = {
			isa = PBXGroup;
			children = (
				E244261625EA2B7F000C4635 /* AuthDelegate.swift */,
			);
			path = Delegate;
			sourceTree = "<group>";
		};
		E244261F25EA42BD000C4635 /* Detail */ = {
			isa = PBXGroup;
			children = (
				E2599B8625ED27AA00CB5143 /* DetailViewController.swift */,
				E2599B8525ED27AA00CB5143 /* DetailViewController.xib */,
			);
			path = Detail;
			sourceTree = "<group>";
		};
		E244263325EA9596000C4635 /* ChildViewControllers */ = {
			isa = PBXGroup;
			children = (
				E244261F25EA42BD000C4635 /* Detail */,
				E272385425ED37B000EF9724 /* Search */,
			);
			path = ChildViewControllers;
			sourceTree = "<group>";
		};
		E24485B725E7AC4D009553A0 /* Models */ = {
			isa = PBXGroup;
			children = (
				E217AC2725E8F06B00BD4453 /* Auth */,
				E217AC2225E8EFF300BD4453 /* Weather */,
			);
			path = Models;
			sourceTree = "<group>";
		};
		E272385425ED37B000EF9724 /* Search */ = {
			isa = PBXGroup;
			children = (
				E272385525ED37B000EF9724 /* SearchViewController.swift */,
				E272385625ED37B000EF9724 /* SearchViewController.xib */,
			);
			path = Search;
			sourceTree = "<group>";
		};
		E2D2EA4E25E8DEF4000F380B /* Session */ = {
			isa = PBXGroup;
			children = (
				E2D2EA4F25E8DF04000F380B /* SessionService.swift */,
			);
			path = Session;
			sourceTree = "<group>";
		};
		E2D8145F25E79DB60007A4CC = {
			isa = PBXGroup;
			children = (
				E2D8146A25E79DB60007A4CC /* WeatherApp */,
				E2D8146925E79DB60007A4CC /* Products */,
				C1C706636DFE82EF60E16E15 /* Pods */,
				1F67B24533C7F5E09F70A8A2 /* Frameworks */,
			);
			sourceTree = "<group>";
		};
		E2D8146925E79DB60007A4CC /* Products */ = {
			isa = PBXGroup;
			children = (
				E2D8146825E79DB60007A4CC /* WeatherApp.app */,
			);
			name = Products;
			sourceTree = "<group>";
		};
		E2D8146A25E79DB60007A4CC /* WeatherApp */ = {
			isa = PBXGroup;
			children = (
				E2D8148125E79DE00007A4CC /* Application */,
				E2D8148225E79DFC0007A4CC /* Extensions */,
				E24485B725E7AC4D009553A0 /* Models */,
				E2D8148C25E79E300007A4CC /* Resourses */,
				E2D8149325E7A4A60007A4CC /* Services */,
				E2D8149125E79EB90007A4CC /* Screens */,
			);
			path = WeatherApp;
			sourceTree = "<group>";
		};
		E2D8148125E79DE00007A4CC /* Application */ = {
			isa = PBXGroup;
			children = (
				E2D8146B25E79DB60007A4CC /* AppDelegate.swift */,
				E244261125EA269D000C4635 /* AppLauncher.swift */,
				E2D8146D25E79DB60007A4CC /* SceneDelegate.swift */,
			);
			path = Application;
			sourceTree = "<group>";
		};
		E2D8148225E79DFC0007A4CC /* Extensions */ = {
			isa = PBXGroup;
			children = (
				E2D8148625E79E1A0007A4CC /* Color.swift */,
				E2D8148325E79E100007A4CC /* NibLoader.swift */,
				E2D8148925E79E200007A4CC /* String+Extension.swift */,
				E217AC6625E90F5C00BD4453 /* UIViewController.swift */,
			);
			path = Extensions;
			sourceTree = "<group>";
		};
		E2D8148C25E79E300007A4CC /* Resourses */ = {
			isa = PBXGroup;
			children = (
				E2D8148D25E79E3E0007A4CC /* Assets */,
				E2D8148E25E79E480007A4CC /* Firebase */,
				E2D8148F25E79E540007A4CC /* Plist */,
			);
			path = Resourses;
			sourceTree = "<group>";
		};
		E2D8148D25E79E3E0007A4CC /* Assets */ = {
			isa = PBXGroup;
			children = (
				E2D8147425E79DB70007A4CC /* Assets.xcassets */,
			);
			path = Assets;
			sourceTree = "<group>";
		};
		E2D8148E25E79E480007A4CC /* Firebase */ = {
			isa = PBXGroup;
			children = (
				E24485BC25E7ACF8009553A0 /* GoogleService-Info.plist */,
			);
			path = Firebase;
			sourceTree = "<group>";
		};
		E2D8148F25E79E540007A4CC /* Plist */ = {
			isa = PBXGroup;
			children = (
				E2D8147925E79DB70007A4CC /* Info.plist */,
			);
			path = Plist;
			sourceTree = "<group>";
		};
		E2D8149125E79EB90007A4CC /* Screens */ = {
			isa = PBXGroup;
			children = (
				E217AC3C25E8F5A100BD4453 /* Auth */,
				E217AC3425E8F40200BD4453 /* Main */,
				E2D8149225E79ECD0007A4CC /* Launch */,
			);
			path = Screens;
			sourceTree = "<group>";
		};
		E2D8149225E79ECD0007A4CC /* Launch */ = {
			isa = PBXGroup;
			children = (
				E217AC2E25E8F33600BD4453 /* Cold */,
				E217AC2F25E8F33F00BD4453 /* Splash */,
			);
			path = Launch;
			sourceTree = "<group>";
		};
		E2D8149325E7A4A60007A4CC /* Services */ = {
			isa = PBXGroup;
			children = (
				E2D8149425E7A4B80007A4CC /* Private */,
				E2D8149525E7A4BE0007A4CC /* Public */,
			);
			path = Services;
			sourceTree = "<group>";
		};
		E2D8149425E7A4B80007A4CC /* Private */ = {
			isa = PBXGroup;
			children = (
				E2D2EA4E25E8DEF4000F380B /* Session */,
				E2D8149825E7A4DB0007A4CC /* Firestore */,
			);
			path = Private;
			sourceTree = "<group>";
		};
		E2D8149525E7A4BE0007A4CC /* Public */ = {
			isa = PBXGroup;
			children = (
				E2D8149A25E7A4F40007A4CC /* User */,
				E217AC1925E8ECB600BD4453 /* Weather */,
				E244261C25EA378E000C4635 /* Dependencies.swift */,
			);
			path = Public;
			sourceTree = "<group>";
		};
		E2D8149825E7A4DB0007A4CC /* Firestore */ = {
			isa = PBXGroup;
			children = (
				E24485BF25E7AF4B009553A0 /* FirestoreService.swift */,
			);
			path = Firestore;
			sourceTree = "<group>";
		};
		E2D8149A25E7A4F40007A4CC /* User */ = {
			isa = PBXGroup;
			children = (
				E2D8149F25E7A5760007A4CC /* UserService.swift */,
			);
			path = User;
			sourceTree = "<group>";
		};
/* End PBXGroup section */

/* Begin PBXNativeTarget section */
		E2D8146725E79DB60007A4CC /* WeatherApp */ = {
			isa = PBXNativeTarget;
			buildConfigurationList = E2D8147C25E79DB70007A4CC /* Build configuration list for PBXNativeTarget "WeatherApp" */;
			buildPhases = (
				2B8445CC62FD581B296A6676 /* [CP] Check Pods Manifest.lock */,
				E2D8146425E79DB60007A4CC /* Sources */,
				E2D8146525E79DB60007A4CC /* Frameworks */,
				E2D8146625E79DB60007A4CC /* Resources */,
				99477DBF1297D6F8292D6781 /* [CP] Embed Pods Frameworks */,
			);
			buildRules = (
			);
			dependencies = (
			);
			name = WeatherApp;
			productName = WeatherApp;
			productReference = E2D8146825E79DB60007A4CC /* WeatherApp.app */;
			productType = "com.apple.product-type.application";
		};
/* End PBXNativeTarget section */

/* Begin PBXProject section */
		E2D8146025E79DB60007A4CC /* Project object */ = {
			isa = PBXProject;
			attributes = {
				LastSwiftUpdateCheck = 1210;
				LastUpgradeCheck = 1210;
				TargetAttributes = {
					E2D8146725E79DB60007A4CC = {
						CreatedOnToolsVersion = 12.1;
					};
				};
			};
			buildConfigurationList = E2D8146325E79DB60007A4CC /* Build configuration list for PBXProject "WeatherApp" */;
			compatibilityVersion = "Xcode 9.3";
			developmentRegion = en;
			hasScannedForEncodings = 0;
			knownRegions = (
				en,
				Base,
			);
			mainGroup = E2D8145F25E79DB60007A4CC;
			productRefGroup = E2D8146925E79DB60007A4CC /* Products */;
			projectDirPath = "";
			projectRoot = "";
			targets = (
				E2D8146725E79DB60007A4CC /* WeatherApp */,
			);
		};
/* End PBXProject section */

/* Begin PBXResourcesBuildPhase section */
		E2D8146625E79DB60007A4CC /* Resources */ = {
			isa = PBXResourcesBuildPhase;
			buildActionMask = 2147483647;
			files = (
				E2162B5E25ED374800E36E24 /* SignUpViewController.xib in Resources */,
				E217AC4425E8F96400BD4453 /* LaunchScreen.storyboard in Resources */,
				E2D8147525E79DB70007A4CC /* Assets.xcassets in Resources */,
				E217AC5925E9030300BD4453 /* CustomTextField.xib in Resources */,
				E24485BD25E7ACF8009553A0 /* GoogleService-Info.plist in Resources */,
				E217AC5F25E906D800BD4453 /* MainViewController.xib in Resources */,
				E2599B8725ED27AA00CB5143 /* DetailViewController.xib in Resources */,
				E217AC4A25E8FA9600BD4453 /* SplashViewController.xib in Resources */,
				E272385825ED37B000EF9724 /* SearchViewController.xib in Resources */,
				E2162B5B25ED374800E36E24 /* LoginViewController.xib in Resources */,
			);
			runOnlyForDeploymentPostprocessing = 0;
		};
/* End PBXResourcesBuildPhase section */

/* Begin PBXShellScriptBuildPhase section */
		2B8445CC62FD581B296A6676 /* [CP] Check Pods Manifest.lock */ = {
			isa = PBXShellScriptBuildPhase;
			buildActionMask = 2147483647;
			files = (
			);
			inputFileListPaths = (
			);
			inputPaths = (
				"${PODS_PODFILE_DIR_PATH}/Podfile.lock",
				"${PODS_ROOT}/Manifest.lock",
			);
			name = "[CP] Check Pods Manifest.lock";
			outputFileListPaths = (
			);
			outputPaths = (
				"$(DERIVED_FILE_DIR)/Pods-WeatherApp-checkManifestLockResult.txt",
			);
			runOnlyForDeploymentPostprocessing = 0;
			shellPath = /bin/sh;
			shellScript = "diff \"${PODS_PODFILE_DIR_PATH}/Podfile.lock\" \"${PODS_ROOT}/Manifest.lock\" > /dev/null\nif [ $? != 0 ] ; then\n    # print error to STDERR\n    echo \"error: The sandbox is not in sync with the Podfile.lock. Run 'pod install' or update your CocoaPods installation.\" >&2\n    exit 1\nfi\n# This output is used by Xcode 'outputs' to avoid re-running this script phase.\necho \"SUCCESS\" > \"${SCRIPT_OUTPUT_FILE_0}\"\n";
			showEnvVarsInLog = 0;
		};
		99477DBF1297D6F8292D6781 /* [CP] Embed Pods Frameworks */ = {
			isa = PBXShellScriptBuildPhase;
			buildActionMask = 2147483647;
			files = (
			);
			inputFileListPaths = (
				"${PODS_ROOT}/Target Support Files/Pods-WeatherApp/Pods-WeatherApp-frameworks-${CONFIGURATION}-input-files.xcfilelist",
			);
			name = "[CP] Embed Pods Frameworks";
			outputFileListPaths = (
				"${PODS_ROOT}/Target Support Files/Pods-WeatherApp/Pods-WeatherApp-frameworks-${CONFIGURATION}-output-files.xcfilelist",
			);
			runOnlyForDeploymentPostprocessing = 0;
			shellPath = /bin/sh;
			shellScript = "\"${PODS_ROOT}/Target Support Files/Pods-WeatherApp/Pods-WeatherApp-frameworks.sh\"\n";
			showEnvVarsInLog = 0;
		};
/* End PBXShellScriptBuildPhase section */

/* Begin PBXSourcesBuildPhase section */
		E2D8146425E79DB60007A4CC /* Sources */ = {
			isa = PBXSourcesBuildPhase;
			buildActionMask = 2147483647;
			files = (
				E24485C025E7AF4B009553A0 /* FirestoreService.swift in Sources */,
				E217AC2B25E8F0D000BD4453 /* MainWeatherInfo.swift in Sources */,
				E2599B8825ED27AA00CB5143 /* DetailViewController.swift in Sources */,
				E2D2EA4B25E8DDA0000F380B /* Credential.swift in Sources */,
				E2162B5D25ED374800E36E24 /* SignUpViewController.swift in Sources */,
				E217AC5825E9030300BD4453 /* CustomTextField.swift in Sources */,
				E244261225EA269D000C4635 /* AppLauncher.swift in Sources */,
				E217AC2425E8F01600BD4453 /* Weather.swift in Sources */,
				E2D814A025E7A5760007A4CC /* UserService.swift in Sources */,
				E2D8146C25E79DB60007A4CC /* AppDelegate.swift in Sources */,
				E217AC1F25E8EEFD00BD4453 /* City.swift in Sources */,
				E2D8148425E79E100007A4CC /* NibLoader.swift in Sources */,
				E2D8148725E79E1A0007A4CC /* Color.swift in Sources */,
				E2162B5C25ED374800E36E24 /* LoginViewController.swift in Sources */,
				E2D2EA5025E8DF04000F380B /* SessionService.swift in Sources */,
				E272385725ED37B000EF9724 /* SearchViewController.swift in Sources */,
				E244261725EA2B7F000C4635 /* AuthDelegate.swift in Sources */,
				E244261D25EA378E000C4635 /* Dependencies.swift in Sources */,
				E24485C725E7B4E3009553A0 /* User.swift in Sources */,
				E2D8148A25E79E200007A4CC /* String+Extension.swift in Sources */,
				E2D8146E25E79DB60007A4CC /* SceneDelegate.swift in Sources */,
				E217AC1B25E8ECC900BD4453 /* WeatherService.swift in Sources */,
				E217AC4925E8FA9600BD4453 /* SplashViewController.swift in Sources */,
				E217AC6725E90F5C00BD4453 /* UIViewController.swift in Sources */,
				E217AC5E25E906D800BD4453 /* MainViewController.swift in Sources */,
			);
			runOnlyForDeploymentPostprocessing = 0;
		};
/* End PBXSourcesBuildPhase section */

/* Begin XCBuildConfiguration section */
		E2D8147A25E79DB70007A4CC /* Debug */ = {
			isa = XCBuildConfiguration;
			buildSettings = {
				ALWAYS_SEARCH_USER_PATHS = NO;
				CLANG_ANALYZER_NONNULL = YES;
				CLANG_ANALYZER_NUMBER_OBJECT_CONVERSION = YES_AGGRESSIVE;
				CLANG_CXX_LANGUAGE_STANDARD = "gnu++14";
				CLANG_CXX_LIBRARY = "libc++";
				CLANG_ENABLE_MODULES = YES;
				CLANG_ENABLE_OBJC_ARC = YES;
				CLANG_ENABLE_OBJC_WEAK = YES;
				CLANG_WARN_BLOCK_CAPTURE_AUTORELEASING = YES;
				CLANG_WARN_BOOL_CONVERSION = YES;
				CLANG_WARN_COMMA = YES;
				CLANG_WARN_CONSTANT_CONVERSION = YES;
				CLANG_WARN_DEPRECATED_OBJC_IMPLEMENTATIONS = YES;
				CLANG_WARN_DIRECT_OBJC_ISA_USAGE = YES_ERROR;
				CLANG_WARN_DOCUMENTATION_COMMENTS = YES;
				CLANG_WARN_EMPTY_BODY = YES;
				CLANG_WARN_ENUM_CONVERSION = YES;
				CLANG_WARN_INFINITE_RECURSION = YES;
				CLANG_WARN_INT_CONVERSION = YES;
				CLANG_WARN_NON_LITERAL_NULL_CONVERSION = YES;
				CLANG_WARN_OBJC_IMPLICIT_RETAIN_SELF = YES;
				CLANG_WARN_OBJC_LITERAL_CONVERSION = YES;
				CLANG_WARN_OBJC_ROOT_CLASS = YES_ERROR;
				CLANG_WARN_QUOTED_INCLUDE_IN_FRAMEWORK_HEADER = YES;
				CLANG_WARN_RANGE_LOOP_ANALYSIS = YES;
				CLANG_WARN_STRICT_PROTOTYPES = YES;
				CLANG_WARN_SUSPICIOUS_MOVE = YES;
				CLANG_WARN_UNGUARDED_AVAILABILITY = YES_AGGRESSIVE;
				CLANG_WARN_UNREACHABLE_CODE = YES;
				CLANG_WARN__DUPLICATE_METHOD_MATCH = YES;
				COPY_PHASE_STRIP = NO;
				DEBUG_INFORMATION_FORMAT = dwarf;
				ENABLE_STRICT_OBJC_MSGSEND = YES;
				ENABLE_TESTABILITY = YES;
				GCC_C_LANGUAGE_STANDARD = gnu11;
				GCC_DYNAMIC_NO_PIC = NO;
				GCC_NO_COMMON_BLOCKS = YES;
				GCC_OPTIMIZATION_LEVEL = 0;
				GCC_PREPROCESSOR_DEFINITIONS = (
					"DEBUG=1",
					"$(inherited)",
				);
				GCC_WARN_64_TO_32_BIT_CONVERSION = YES;
				GCC_WARN_ABOUT_RETURN_TYPE = YES_ERROR;
				GCC_WARN_UNDECLARED_SELECTOR = YES;
				GCC_WARN_UNINITIALIZED_AUTOS = YES_AGGRESSIVE;
				GCC_WARN_UNUSED_FUNCTION = YES;
				GCC_WARN_UNUSED_VARIABLE = YES;
				IPHONEOS_DEPLOYMENT_TARGET = 13.0;
				MTL_ENABLE_DEBUG_INFO = INCLUDE_SOURCE;
				MTL_FAST_MATH = YES;
				ONLY_ACTIVE_ARCH = YES;
				SDKROOT = iphoneos;
				SWIFT_ACTIVE_COMPILATION_CONDITIONS = DEBUG;
				SWIFT_OPTIMIZATION_LEVEL = "-Onone";
			};
			name = Debug;
		};
		E2D8147B25E79DB70007A4CC /* Release */ = {
			isa = XCBuildConfiguration;
			buildSettings = {
				ALWAYS_SEARCH_USER_PATHS = NO;
				CLANG_ANALYZER_NONNULL = YES;
				CLANG_ANALYZER_NUMBER_OBJECT_CONVERSION = YES_AGGRESSIVE;
				CLANG_CXX_LANGUAGE_STANDARD = "gnu++14";
				CLANG_CXX_LIBRARY = "libc++";
				CLANG_ENABLE_MODULES = YES;
				CLANG_ENABLE_OBJC_ARC = YES;
				CLANG_ENABLE_OBJC_WEAK = YES;
				CLANG_WARN_BLOCK_CAPTURE_AUTORELEASING = YES;
				CLANG_WARN_BOOL_CONVERSION = YES;
				CLANG_WARN_COMMA = YES;
				CLANG_WARN_CONSTANT_CONVERSION = YES;
				CLANG_WARN_DEPRECATED_OBJC_IMPLEMENTATIONS = YES;
				CLANG_WARN_DIRECT_OBJC_ISA_USAGE = YES_ERROR;
				CLANG_WARN_DOCUMENTATION_COMMENTS = YES;
				CLANG_WARN_EMPTY_BODY = YES;
				CLANG_WARN_ENUM_CONVERSION = YES;
				CLANG_WARN_INFINITE_RECURSION = YES;
				CLANG_WARN_INT_CONVERSION = YES;
				CLANG_WARN_NON_LITERAL_NULL_CONVERSION = YES;
				CLANG_WARN_OBJC_IMPLICIT_RETAIN_SELF = YES;
				CLANG_WARN_OBJC_LITERAL_CONVERSION = YES;
				CLANG_WARN_OBJC_ROOT_CLASS = YES_ERROR;
				CLANG_WARN_QUOTED_INCLUDE_IN_FRAMEWORK_HEADER = YES;
				CLANG_WARN_RANGE_LOOP_ANALYSIS = YES;
				CLANG_WARN_STRICT_PROTOTYPES = YES;
				CLANG_WARN_SUSPICIOUS_MOVE = YES;
				CLANG_WARN_UNGUARDED_AVAILABILITY = YES_AGGRESSIVE;
				CLANG_WARN_UNREACHABLE_CODE = YES;
				CLANG_WARN__DUPLICATE_METHOD_MATCH = YES;
				COPY_PHASE_STRIP = NO;
				DEBUG_INFORMATION_FORMAT = "dwarf-with-dsym";
				ENABLE_NS_ASSERTIONS = NO;
				ENABLE_STRICT_OBJC_MSGSEND = YES;
				GCC_C_LANGUAGE_STANDARD = gnu11;
				GCC_NO_COMMON_BLOCKS = YES;
				GCC_WARN_64_TO_32_BIT_CONVERSION = YES;
				GCC_WARN_ABOUT_RETURN_TYPE = YES_ERROR;
				GCC_WARN_UNDECLARED_SELECTOR = YES;
				GCC_WARN_UNINITIALIZED_AUTOS = YES_AGGRESSIVE;
				GCC_WARN_UNUSED_FUNCTION = YES;
				GCC_WARN_UNUSED_VARIABLE = YES;
				IPHONEOS_DEPLOYMENT_TARGET = 13.0;
				MTL_ENABLE_DEBUG_INFO = NO;
				MTL_FAST_MATH = YES;
				SDKROOT = iphoneos;
				SWIFT_COMPILATION_MODE = wholemodule;
				SWIFT_OPTIMIZATION_LEVEL = "-O";
				VALIDATE_PRODUCT = YES;
			};
			name = Release;
		};
		E2D8147D25E79DB70007A4CC /* Debug */ = {
			isa = XCBuildConfiguration;
			baseConfigurationReference = A9A23B5FD4DCB308A4967191 /* Pods-WeatherApp.debug.xcconfig */;
			buildSettings = {
				ASSETCATALOG_COMPILER_APPICON_NAME = AppIcon;
				ASSETCATALOG_COMPILER_GLOBAL_ACCENT_COLOR_NAME = AccentColor;
				CODE_SIGN_STYLE = Automatic;
				DEVELOPMENT_TEAM = FFYJJ79MSE;
				INFOPLIST_FILE = WeatherApp/Resourses/Plist/Info.plist;
				LD_RUNPATH_SEARCH_PATHS = (
					"$(inherited)",
					"@executable_path/Frameworks",
				);
				PRODUCT_BUNDLE_IDENTIFIER = "sev-84.Weater";
				PRODUCT_NAME = "$(TARGET_NAME)";
				SWIFT_VERSION = 5.0;
				TARGETED_DEVICE_FAMILY = 1;
			};
			name = Debug;
		};
		E2D8147E25E79DB70007A4CC /* Release */ = {
			isa = XCBuildConfiguration;
			baseConfigurationReference = C545259F90B6462732CF3F41 /* Pods-WeatherApp.release.xcconfig */;
			buildSettings = {
				ASSETCATALOG_COMPILER_APPICON_NAME = AppIcon;
				ASSETCATALOG_COMPILER_GLOBAL_ACCENT_COLOR_NAME = AccentColor;
				CODE_SIGN_STYLE = Automatic;
				DEVELOPMENT_TEAM = FFYJJ79MSE;
				INFOPLIST_FILE = WeatherApp/Resourses/Plist/Info.plist;
				LD_RUNPATH_SEARCH_PATHS = (
					"$(inherited)",
					"@executable_path/Frameworks",
				);
				PRODUCT_BUNDLE_IDENTIFIER = "sev-84.Weater";
				PRODUCT_NAME = "$(TARGET_NAME)";
				SWIFT_VERSION = 5.0;
				TARGETED_DEVICE_FAMILY = 1;
			};
			name = Release;
		};
/* End XCBuildConfiguration section */

/* Begin XCConfigurationList section */
		E2D8146325E79DB60007A4CC /* Build configuration list for PBXProject "WeatherApp" */ = {
			isa = XCConfigurationList;
			buildConfigurations = (
				E2D8147A25E79DB70007A4CC /* Debug */,
				E2D8147B25E79DB70007A4CC /* Release */,
			);
			defaultConfigurationIsVisible = 0;
			defaultConfigurationName = Release;
		};
		E2D8147C25E79DB70007A4CC /* Build configuration list for PBXNativeTarget "WeatherApp" */ = {
			isa = XCConfigurationList;
			buildConfigurations = (
				E2D8147D25E79DB70007A4CC /* Debug */,
				E2D8147E25E79DB70007A4CC /* Release */,
			);
			defaultConfigurationIsVisible = 0;
			defaultConfigurationName = Release;
		};
/* End XCConfigurationList section */
	};
	rootObject = E2D8146025E79DB60007A4CC /* Project object */;
}
